
Microsoft Visual Studio Solution File, Format Version 12.00
# Visual Studio 14
VisualStudioVersion = 14.0.24720.0
MinimumVisualStudioVersion = 10.0.40219.1
Project("{FAE04EC0-301F-11D3-BF4B-00C04F79EFBC}") = "Test Project GUI 1", "Test Project GUI 1\Test Project GUI 1.csproj", "{F26DE105-4B03-4CEB-B16A-8CF37CF0E008}"
EndProject
Global
	GlobalSection(SolutionConfigurationPlatforms) = preSolution
		Debug|Any CPU = Debug|Any CPU
		Release|Any CPU = Release|Any CPU
	EndGlobalSection
	GlobalSection(ProjectConfigurationPlatforms) = postSolution
		{F26DE105-4B03-4CEB-B16A-8CF37CF0E008}.Debug|Any CPU.ActiveCfg = Debug|Any CPU
		{F26DE105-4B03-4CEB-B16A-8CF37CF0E008}.Debug|Any CPU.Build.0 = Debug|Any CPU
		{F26DE105-4B03-4CEB-B16A-8CF37CF0E008}.Release|Any CPU.ActiveCfg = Release|Any CPU
		{F26DE105-4B03-4CEB-B16A-8CF37CF0E008}.Release|Any CPU.Build.0 = Release|Any CPU
	EndGlobalSection
	GlobalSection(SolutionProperties) = preSolution
		HideSolutionNode = FALSE
	EndGlobalSection
EndGlobal
